[[package]]
name = "percent-encoding"
version = "1.0.1"
source = "registry+https://github.com/rust-lang/crates.io-index"

[[package]]
name = "unison-fsmonitor"
version = "0.1.0"
dependencies = [
 "percent-encoding 1.0.1 (registry+https://github.com/rust-lang/crates.io-index)",
]

[metadata]
"checksum percent-encoding 1.0.1 (registry+https://github.com/rust-lang/crates.io-index)" = "31010dd2e1ac33d5b46a5b413495239882813e0369f8ed8a5e266f173602f831"
